
Microsoft Visual Studio Solution File, Format Version 12.00
# Visual Studio 14
VisualStudioVersion = 14.0.23107.0
MinimumVisualStudioVersion = 10.0.40219.1
Project("{2150E333-8FDC-42A3-9474-1A3956D46DE8}") = ".paket", ".paket", "{673951A0-5216-4FBD-BA08-7FA057D5CC0D}"
	ProjectSection(SolutionItems) = preProject
		..\paket.dependencies = ..\paket.dependencies
	EndProjectSection
EndProject
Project("{FAE04EC0-301F-11D3-BF4B-00C04F79EFBC}") = "MyClassLibrary", "MyClassLibrary\MyClassLibrary.csproj", "{CD678800-8DFC-4BB1-911A-7234F492EA29}"
EndProject
Global
	GlobalSection(SolutionConfigurationPlatforms) = preSolution
		Debug|Any CPU = Debug|Any CPU
		Release|Any CPU = Release|Any CPU
	EndGlobalSection
	GlobalSection(ProjectConfigurationPlatforms) = postSolution
		{CD678800-8DFC-4BB1-911A-7234F492EA29}.Debug|Any CPU.ActiveCfg = Debug|Any CPU
		{CD678800-8DFC-4BB1-911A-7234F492EA29}.Debug|Any CPU.Build.0 = Debug|Any CPU
		{CD678800-8DFC-4BB1-911A-7234F492EA29}.Release|Any CPU.ActiveCfg = Release|Any CPU
		{CD678800-8DFC-4BB1-911A-7234F492EA29}.Release|Any CPU.Build.0 = Release|Any CPU
	EndGlobalSection
	GlobalSection(SolutionProperties) = preSolution
		HideSolutionNode = FALSE
	EndGlobalSection
EndGlobal
