
Microsoft Visual Studio Solution File, Format Version 12.00
# Visual Studio 2013
VisualStudioVersion = 12.0.21005.1
MinimumVisualStudioVersion = 10.0.40219.1
Project("{2150E333-8FDC-42A3-9474-1A3956D46DE8}") = ".nuget", ".nuget", "{1F1B4F0F-2998-4D74-865B-9122611C2B14}"
	ProjectSection(SolutionItems) = preProject
		.nuget\NuGet.Config = .nuget\NuGet.Config
		.nuget\NuGet.exe = .nuget\NuGet.exe
		.nuget\NuGet.targets = .nuget\NuGet.targets
	EndProjectSection
EndProject
Project("{2150E333-8FDC-42A3-9474-1A3956D46DE8}") = "docs", "docs", "{A6A6AF7D-D6E3-442D-9B1E-58CC91879BE1}"
EndProject
Project("{2150E333-8FDC-42A3-9474-1A3956D46DE8}") = "tests", "tests", "{CAC060D0-20F0-49E1-B3BF-D282FBFA7020}"
EndProject
Project("{F2A71F9B-5D33-465A-A702-920D77279786}") = "fsharp-project-template", "src\fsharp-project-template\fsharp-project-template.fsproj", "{7E90D6CE-A10B-4858-A5BC-41DF7250CBCA}"
EndProject
Project("{2150E333-8FDC-42A3-9474-1A3956D46DE8}") = "Solution Items", "Solution Items", "{D07EFF6F-02B3-4FA6-A831-1ADD49EB0595}"
	ProjectSection(SolutionItems) = preProject
		README.md = README.md
		RELEASENOTES.md = RELEASENOTES.md
	EndProjectSection
EndProject
Global
	GlobalSection(SolutionConfigurationPlatforms) = preSolution
		Debug|Any CPU = Debug|Any CPU
		Release|Any CPU = Release|Any CPU
	EndGlobalSection
	GlobalSection(ProjectConfigurationPlatforms) = postSolution
		{7E90D6CE-A10B-4858-A5BC-41DF7250CBCA}.Debug|Any CPU.ActiveCfg = Debug|Any CPU
		{7E90D6CE-A10B-4858-A5BC-41DF7250CBCA}.Debug|Any CPU.Build.0 = Debug|Any CPU
		{7E90D6CE-A10B-4858-A5BC-41DF7250CBCA}.Release|Any CPU.ActiveCfg = Release|Any CPU
		{7E90D6CE-A10B-4858-A5BC-41DF7250CBCA}.Release|Any CPU.Build.0 = Release|Any CPU
	EndGlobalSection
	GlobalSection(SolutionProperties) = preSolution
		HideSolutionNode = FALSE
	EndGlobalSection
EndGlobal
