NUGET
  remote: http://nuget.org/api/v2
  specs:
    DotNetZip (1.9.3)
    FAKE (3.4.0)
    FSharp.Compiler.Service (0.0.60)
    FSharp.Formatting (2.4.21)
    Microsoft.AspNet.Razor (2.0.30506.0)
    NUnit (2.6.3)
    NUnit.Runners (2.6.3)
    Newtonsoft.Json (6.0.4)
    RazorEngine (3.3.0)
    UnionArgParser (0.8.0)