Microsoft Visual Studio Solution File, Format Version 12.00
# Visual Studio 14
VisualStudioVersion = 14.0.22823.1
MinimumVisualStudioVersion = 10.0.40219.1
Project("{2150E333-8FDC-42A3-9474-1A3956D46DE8}") = "project", "project", "{BF60BC93-E09B-4E5F-9D85-95A519479D54}"
	ProjectSection(SolutionItems) = preProject
		build.cmd = build.cmd
		build.fsx = build.fsx
		nuget\paket.template = nuget\paket.template
	EndProjectSection
EndProject
Project("{F2A71F9B-5D33-465A-A702-920D77279786}") = "Paket.PowerShell", "src\Paket.PowerShell\Paket.PowerShell.fsproj", "{1F1581C1-6416-470E-BC48-92C6D4AAC785}"
EndProject
Global
	GlobalSection(SolutionConfigurationPlatforms) = preSolution
		Debug|Any CPU = Debug|Any CPU
		Release|Any CPU = Release|Any CPU
	EndGlobalSection
	GlobalSection(ProjectConfigurationPlatforms) = postSolution
		{1F1581C1-6416-470E-BC48-92C6D4AAC785}.Debug|Any CPU.ActiveCfg = Debug|Any CPU
		{1F1581C1-6416-470E-BC48-92C6D4AAC785}.Debug|Any CPU.Build.0 = Debug|Any CPU
		{1F1581C1-6416-470E-BC48-92C6D4AAC785}.Release|Any CPU.ActiveCfg = Release|Any CPU
		{1F1581C1-6416-470E-BC48-92C6D4AAC785}.Release|Any CPU.Build.0 = Release|Any CPU
	EndGlobalSection
	GlobalSection(SolutionProperties) = preSolution
		HideSolutionNode = FALSE
	EndGlobalSection
EndGlobal
