
Microsoft Visual Studio Solution File, Format Version 12.00
Project("{2150E333-8FDC-42A3-9474-1A3956D46DE8}") = ".paket", ".paket", "{89EB3FB9-096D-4016-A953-0CBED21D03C1}"
	ProjectSection(SolutionItems) = preProject
		paket.dependencies = paket.dependencies
	EndProjectSection
EndProject
Project("{FAE04EC0-301F-11D3-BF4B-00C04F79EFBC}") = "LibForTest", "LibForTest\LibForTest.csproj", "{EB3679C6-C57D-4893-8BC5-CD258C008239}"
EndProject
Global
	GlobalSection(SolutionConfigurationPlatforms) = preSolution
		Debug|Any CPU = Debug|Any CPU
		Release|Any CPU = Release|Any CPU
	EndGlobalSection
	GlobalSection(ProjectConfigurationPlatforms) = postSolution
		{EB3679C6-C57D-4893-8BC5-CD258C008239}.Debug|Any CPU.ActiveCfg = Debug|Any CPU
		{EB3679C6-C57D-4893-8BC5-CD258C008239}.Debug|Any CPU.Build.0 = Debug|Any CPU
		{EB3679C6-C57D-4893-8BC5-CD258C008239}.Release|Any CPU.ActiveCfg = Release|Any CPU
		{EB3679C6-C57D-4893-8BC5-CD258C008239}.Release|Any CPU.Build.0 = Release|Any CPU
	EndGlobalSection
EndGlobal
