
Microsoft Visual Studio Solution File, Format Version 12.00
# Visual Studio 2013
VisualStudioVersion = 12.0.0.0
MinimumVisualStudioVersion = 10.0.0.1
Project("{FAE04EC0-301F-11D3-BF4B-00C04F79EFBC}") = "ProjectA", "ProjectA\ProjectA.csproj", "{C22432B4-67E4-42D2-83FF-8F3A473EA8C5}"
EndProject
Project("{FAE04EC0-301F-11D3-BF4B-00C04F79EFBC}") = "ProjectB", "ProjectB\ProjectB.csproj", "{D765F8AE-8018-4592-9E42-0FC51995A067}"
EndProject
Global
	GlobalSection(SolutionConfigurationPlatforms) = preSolution
		Debug|Any CPU = Debug|Any CPU
		Release|Any CPU = Release|Any CPU
	EndGlobalSection
	GlobalSection(ProjectConfigurationPlatforms) = postSolution
		{C22432B4-67E4-42D2-83FF-8F3A473EA8C5}.Debug|Any CPU.ActiveCfg = Debug|Any CPU
		{C22432B4-67E4-42D2-83FF-8F3A473EA8C5}.Debug|Any CPU.Build.0 = Debug|Any CPU
		{C22432B4-67E4-42D2-83FF-8F3A473EA8C5}.Release|Any CPU.ActiveCfg = Release|Any CPU
		{C22432B4-67E4-42D2-83FF-8F3A473EA8C5}.Release|Any CPU.Build.0 = Release|Any CPU
		{D765F8AE-8018-4592-9E42-0FC51995A067}.Debug|Any CPU.ActiveCfg = Debug|Any CPU
		{D765F8AE-8018-4592-9E42-0FC51995A067}.Debug|Any CPU.Build.0 = Debug|Any CPU
		{D765F8AE-8018-4592-9E42-0FC51995A067}.Release|Any CPU.ActiveCfg = Release|Any CPU
		{D765F8AE-8018-4592-9E42-0FC51995A067}.Release|Any CPU.Build.0 = Release|Any CPU
	EndGlobalSection
	GlobalSection(SolutionProperties) = preSolution
		HideSolutionNode = FALSE
	EndGlobalSection
EndGlobal
