
Microsoft Visual Studio Solution File, Format Version 12.00
# Visual Studio 15
VisualStudioVersion = 15.0.27428.2037
MinimumVisualStudioVersion = 10.0.40219.1
Project("{9A19103F-16F7-4668-BE54-9A1E7A4F7556}") = "Analyzer", "Analyzer\Analyzer.csproj", "{175FF0F8-19E4-45EB-BCAB-F975B5D21BD0}"
EndProject
Global
	GlobalSection(SolutionConfigurationPlatforms) = preSolution
		Debug|Any CPU = Debug|Any CPU
		Release|Any CPU = Release|Any CPU
	EndGlobalSection
	GlobalSection(ProjectConfigurationPlatforms) = postSolution
		{175FF0F8-19E4-45EB-BCAB-F975B5D21BD0}.Debug|Any CPU.ActiveCfg = Debug|Any CPU
		{175FF0F8-19E4-45EB-BCAB-F975B5D21BD0}.Debug|Any CPU.Build.0 = Debug|Any CPU
		{175FF0F8-19E4-45EB-BCAB-F975B5D21BD0}.Release|Any CPU.ActiveCfg = Release|Any CPU
		{175FF0F8-19E4-45EB-BCAB-F975B5D21BD0}.Release|Any CPU.Build.0 = Release|Any CPU
	EndGlobalSection
	GlobalSection(SolutionProperties) = preSolution
		HideSolutionNode = FALSE
	EndGlobalSection
	GlobalSection(ExtensibilityGlobals) = postSolution
		SolutionGuid = {AD7A2832-E55B-4538-97B9-F4DBB6805A17}
	EndGlobalSection
EndGlobal
