
Microsoft Visual Studio Solution File, Format Version 12.00
# Visual Studio 14
VisualStudioVersion = 14.0.24720.0
MinimumVisualStudioVersion = 10.0.40219.1
Project("{2150E333-8FDC-42A3-9474-1A3956D46DE8}") = ".paket", ".paket", "{1D5837E3-232C-4F67-92CF-2903D7AAC725}"
	ProjectSection(SolutionItems) = preProject
		paket.dependencies = paket.dependencies
	EndProjectSection
EndProject
Project("{FAE04EC0-301F-11D3-BF4B-00C04F79EFBC}") = "MyLibrary", "src\MyLibrary\MyLibrary.csproj", "{171DD95A-16B9-4C0C-A7DB-6550FDE808DD}"
EndProject
Project("{FAE04EC0-301F-11D3-BF4B-00C04F79EFBC}") = "MyService", "Src\MyService\MyService.csproj", "{379D1079-01CD-4F27-85C8-EE5E1B694D83}"
EndProject
Global
	GlobalSection(SolutionConfigurationPlatforms) = preSolution
		Debug|Any CPU = Debug|Any CPU
		Release|Any CPU = Release|Any CPU
	EndGlobalSection
	GlobalSection(ProjectConfigurationPlatforms) = postSolution
		{171DD95A-16B9-4C0C-A7DB-6550FDE808DD}.Debug|Any CPU.ActiveCfg = Debug|Any CPU
		{171DD95A-16B9-4C0C-A7DB-6550FDE808DD}.Debug|Any CPU.Build.0 = Debug|Any CPU
		{171DD95A-16B9-4C0C-A7DB-6550FDE808DD}.Release|Any CPU.ActiveCfg = Release|Any CPU
		{171DD95A-16B9-4C0C-A7DB-6550FDE808DD}.Release|Any CPU.Build.0 = Release|Any CPU
		{379D1079-01CD-4F27-85C8-EE5E1B694D83}.Debug|Any CPU.ActiveCfg = Debug|Any CPU
		{379D1079-01CD-4F27-85C8-EE5E1B694D83}.Debug|Any CPU.Build.0 = Debug|Any CPU
		{379D1079-01CD-4F27-85C8-EE5E1B694D83}.Release|Any CPU.ActiveCfg = Release|Any CPU
		{379D1079-01CD-4F27-85C8-EE5E1B694D83}.Release|Any CPU.Build.0 = Release|Any CPU
	EndGlobalSection
	GlobalSection(SolutionProperties) = preSolution
		HideSolutionNode = FALSE
	EndGlobalSection
EndGlobal
