
Microsoft Visual Studio Solution File, Format Version 12.00
# Visual Studio 14
VisualStudioVersion = 14.0.25420.1
MinimumVisualStudioVersion = 10.0.40219.1
Project("{2150E333-8FDC-42A3-9474-1A3956D46DE8}") = ".paket", ".paket", "{CD6F5013-BD01-4288-9851-5EF0390DE813}"
	ProjectSection(SolutionItems) = preProject
		paket.dependencies = paket.dependencies
	EndProjectSection
EndProject
Project("{FAE04EC0-301F-11D3-BF4B-00C04F79EFBC}") = "AutoRestoreTwice", "AutoRestoreTwice\AutoRestoreTwice.csproj", "{703EF019-58C4-4D58-B9C0-F20080FD288D}"
EndProject
Global
	GlobalSection(SolutionConfigurationPlatforms) = preSolution
		Debug|Any CPU = Debug|Any CPU
		Release|Any CPU = Release|Any CPU
	EndGlobalSection
	GlobalSection(ProjectConfigurationPlatforms) = postSolution
		{703EF019-58C4-4D58-B9C0-F20080FD288D}.Debug|Any CPU.ActiveCfg = Debug|Any CPU
		{703EF019-58C4-4D58-B9C0-F20080FD288D}.Debug|Any CPU.Build.0 = Debug|Any CPU
		{703EF019-58C4-4D58-B9C0-F20080FD288D}.Release|Any CPU.ActiveCfg = Release|Any CPU
		{703EF019-58C4-4D58-B9C0-F20080FD288D}.Release|Any CPU.Build.0 = Release|Any CPU
	EndGlobalSection
	GlobalSection(SolutionProperties) = preSolution
		HideSolutionNode = FALSE
	EndGlobalSection
EndGlobal
