
Microsoft Visual Studio Solution File, Format Version 12.00
# Visual Studio 14
VisualStudioVersion = 14.0.24720.0
MinimumVisualStudioVersion = 10.0.40219.1
Project("{FAE04EC0-301F-11D3-BF4B-00C04F79EFBC}") = "CSharp", "CSharp\CSharp.csproj", "{14EA9D55-F5F7-4DAC-8060-546288CA8D27}"
EndProject
Global
	GlobalSection(SolutionConfigurationPlatforms) = preSolution
		Debug|Any CPU = Debug|Any CPU
		Release|Any CPU = Release|Any CPU
	EndGlobalSection
	GlobalSection(ProjectConfigurationPlatforms) = postSolution
		{8EAA4587-A139-4FA9-8A14-416A6B2481E1}.Debug|Any CPU.ActiveCfg = Debug|Any CPU
		{8EAA4587-A139-4FA9-8A14-416A6B2481E1}.Debug|Any CPU.Build.0 = Debug|Any CPU
		{8EAA4587-A139-4FA9-8A14-416A6B2481E1}.Release|Any CPU.ActiveCfg = Release|Any CPU
		{8EAA4587-A139-4FA9-8A14-416A6B2481E1}.Release|Any CPU.Build.0 = Release|Any CPU
		{14EA9D55-F5F7-4DAC-8060-546288CA8D27}.Debug|Any CPU.ActiveCfg = Debug|Any CPU
		{14EA9D55-F5F7-4DAC-8060-546288CA8D27}.Debug|Any CPU.Build.0 = Debug|Any CPU
		{14EA9D55-F5F7-4DAC-8060-546288CA8D27}.Release|Any CPU.ActiveCfg = Release|Any CPU
		{14EA9D55-F5F7-4DAC-8060-546288CA8D27}.Release|Any CPU.Build.0 = Release|Any CPU
	EndGlobalSection
	GlobalSection(SolutionProperties) = preSolution
		HideSolutionNode = FALSE
	EndGlobalSection
EndGlobal
