
Microsoft Visual Studio Solution File, Format Version 12.00
# Visual Studio 14
VisualStudioVersion = 14.0.24720.0
MinimumVisualStudioVersion = 10.0.40219.1
Project("{FAE04EC0-301F-11D3-BF4B-00C04F79EFBC}") = "Project1", "Project1\Project1.csproj", "{D1686ACE-AC7B-41DF-A1A9-0F1F6CCB2CA4}"
EndProject
Project("{2150E333-8FDC-42A3-9474-1A3956D46DE8}") = "Solution Items", "Solution Items", "{20A23541-D9DC-4B8D-B071-7E4E8C4B38E7}"
	ProjectSection(SolutionItems) = preProject
		paket.dependencies = paket.dependencies
		paket.lock = paket.lock
	EndProjectSection
EndProject
Project("{FAE04EC0-301F-11D3-BF4B-00C04F79EFBC}") = "Project2", "Project2\Project2.csproj", "{2C13D3F1-C1F5-4E2A-9C95-957B3EE1184A}"
EndProject
Global
	GlobalSection(SolutionConfigurationPlatforms) = preSolution
		Debug|Any CPU = Debug|Any CPU
		Release|Any CPU = Release|Any CPU
	EndGlobalSection
	GlobalSection(ProjectConfigurationPlatforms) = postSolution
		{D1686ACE-AC7B-41DF-A1A9-0F1F6CCB2CA4}.Debug|Any CPU.ActiveCfg = Debug|Any CPU
		{D1686ACE-AC7B-41DF-A1A9-0F1F6CCB2CA4}.Debug|Any CPU.Build.0 = Debug|Any CPU
		{D1686ACE-AC7B-41DF-A1A9-0F1F6CCB2CA4}.Release|Any CPU.ActiveCfg = Release|Any CPU
		{D1686ACE-AC7B-41DF-A1A9-0F1F6CCB2CA4}.Release|Any CPU.Build.0 = Release|Any CPU
		{2C13D3F1-C1F5-4E2A-9C95-957B3EE1184A}.Debug|Any CPU.ActiveCfg = Debug|Any CPU
		{2C13D3F1-C1F5-4E2A-9C95-957B3EE1184A}.Debug|Any CPU.Build.0 = Debug|Any CPU
		{2C13D3F1-C1F5-4E2A-9C95-957B3EE1184A}.Release|Any CPU.ActiveCfg = Release|Any CPU
		{2C13D3F1-C1F5-4E2A-9C95-957B3EE1184A}.Release|Any CPU.Build.0 = Release|Any CPU
	EndGlobalSection
	GlobalSection(SolutionProperties) = preSolution
		HideSolutionNode = FALSE
	EndGlobalSection
EndGlobal
